
Microsoft Visual Studio Solution File, Format Version 12.00
# Visual Studio Version 16
VisualStudioVersion = 16.0.29409.12
MinimumVisualStudioVersion = 10.0.40219.1
Project("{8BC9CEB8-8B4A-11D0-8D11-00A0C91BC942}") = "Heritage_Multiple_Liste", "Heritage_Multiple_Liste\Heritage_Multiple_Liste.vcxproj", "{0AEFAEE6-16DF-4545-A8A9-D42BA5A6E422}"
EndProject
Global
	GlobalSection(SolutionConfigurationPlatforms) = preSolution
		Debug|x64 = Debug|x64
		Debug|x86 = Debug|x86
		Release|x64 = Release|x64
		Release|x86 = Release|x86
	EndGlobalSection
	GlobalSection(ProjectConfigurationPlatforms) = postSolution
		{0AEFAEE6-16DF-4545-A8A9-D42BA5A6E422}.Debug|x64.ActiveCfg = Debug|x64
		{0AEFAEE6-16DF-4545-A8A9-D42BA5A6E422}.Debug|x64.Build.0 = Debug|x64
		{0AEFAEE6-16DF-4545-A8A9-D42BA5A6E422}.Debug|x86.ActiveCfg = Debug|Win32
		{0AEFAEE6-16DF-4545-A8A9-D42BA5A6E422}.Debug|x86.Build.0 = Debug|Win32
		{0AEFAEE6-16DF-4545-A8A9-D42BA5A6E422}.Release|x64.ActiveCfg = Release|x64
		{0AEFAEE6-16DF-4545-A8A9-D42BA5A6E422}.Release|x64.Build.0 = Release|x64
		{0AEFAEE6-16DF-4545-A8A9-D42BA5A6E422}.Release|x86.ActiveCfg = Release|Win32
		{0AEFAEE6-16DF-4545-A8A9-D42BA5A6E422}.Release|x86.Build.0 = Release|Win32
	EndGlobalSection
	GlobalSection(SolutionProperties) = preSolution
		HideSolutionNode = FALSE
	EndGlobalSection
	GlobalSection(ExtensibilityGlobals) = postSolution
		SolutionGuid = {2ABD1B23-0209-4108-92C3-069EF6D9A804}
	EndGlobalSection
EndGlobal
